
Microsoft Visual Studio Solution File, Format Version 12.00
# Visual Studio Version 17
VisualStudioVersion = 17.5.002.0
MinimumVisualStudioVersion = 10.0.40219.1
Project("{9A19103F-16F7-4668-BE54-9A1E7A4F7556}") = "ProjectMVC.Tests", "ProjectMVC.Tests.csproj", "{C7A74332-3247-4930-8964-6FA5B82ADCA4}"
EndProject
Global
	GlobalSection(SolutionConfigurationPlatforms) = preSolution
		Debug|Any CPU = Debug|Any CPU
		Release|Any CPU = Release|Any CPU
	EndGlobalSection
	GlobalSection(ProjectConfigurationPlatforms) = postSolution
		{C7A74332-3247-4930-8964-6FA5B82ADCA4}.Debug|Any CPU.ActiveCfg = Debug|Any CPU
		{C7A74332-3247-4930-8964-6FA5B82ADCA4}.Debug|Any CPU.Build.0 = Debug|Any CPU
		{C7A74332-3247-4930-8964-6FA5B82ADCA4}.Release|Any CPU.ActiveCfg = Release|Any CPU
		{C7A74332-3247-4930-8964-6FA5B82ADCA4}.Release|Any CPU.Build.0 = Release|Any CPU
	EndGlobalSection
	GlobalSection(SolutionProperties) = preSolution
		HideSolutionNode = FALSE
	EndGlobalSection
	GlobalSection(ExtensibilityGlobals) = postSolution
		SolutionGuid = {07AECD71-EEE5-4708-88B8-D919CCF07894}
	EndGlobalSection
EndGlobal
